
Microsoft Visual Studio Solution File, Format Version 12.00
# Visual Studio Version 16
VisualStudioVersion = 16.0.28803.202
MinimumVisualStudioVersion = 10.0.40219.1
Project("{FAE04EC0-301F-11D3-BF4B-00C04F79EFBC}") = "Archive", "Archive\Archive.csproj", "{837989E4-B3CD-46DE-9121-9F398ACC411E}"
EndProject
Project("{FAE04EC0-301F-11D3-BF4B-00C04F79EFBC}") = "Repository", "Repository\Repository.csproj", "{1F1F3140-02DD-4EAE-9EB2-9445AB94E4BA}"
EndProject
Project("{FAE04EC0-301F-11D3-BF4B-00C04F79EFBC}") = "Models", "Models\Models.csproj", "{6B664946-0CED-47C1-8334-2DB96FB7A8C7}"
EndProject
Project("{FAE04EC0-301F-11D3-BF4B-00C04F79EFBC}") = "Services", "services\Services.csproj", "{D185F9A7-589C-4C71-95C5-FC251E26A5A4}"
EndProject
Global
	GlobalSection(SolutionConfigurationPlatforms) = preSolution
		Debug|Any CPU = Debug|Any CPU
		Release|Any CPU = Release|Any CPU
	EndGlobalSection
	GlobalSection(ProjectConfigurationPlatforms) = postSolution
		{837989E4-B3CD-46DE-9121-9F398ACC411E}.Debug|Any CPU.ActiveCfg = Debug|Any CPU
		{837989E4-B3CD-46DE-9121-9F398ACC411E}.Debug|Any CPU.Build.0 = Debug|Any CPU
		{837989E4-B3CD-46DE-9121-9F398ACC411E}.Release|Any CPU.ActiveCfg = Release|Any CPU
		{837989E4-B3CD-46DE-9121-9F398ACC411E}.Release|Any CPU.Build.0 = Release|Any CPU
		{1F1F3140-02DD-4EAE-9EB2-9445AB94E4BA}.Debug|Any CPU.ActiveCfg = Debug|Any CPU
		{1F1F3140-02DD-4EAE-9EB2-9445AB94E4BA}.Debug|Any CPU.Build.0 = Debug|Any CPU
		{1F1F3140-02DD-4EAE-9EB2-9445AB94E4BA}.Release|Any CPU.ActiveCfg = Release|Any CPU
		{1F1F3140-02DD-4EAE-9EB2-9445AB94E4BA}.Release|Any CPU.Build.0 = Release|Any CPU
		{6B664946-0CED-47C1-8334-2DB96FB7A8C7}.Debug|Any CPU.ActiveCfg = Debug|Any CPU
		{6B664946-0CED-47C1-8334-2DB96FB7A8C7}.Debug|Any CPU.Build.0 = Debug|Any CPU
		{6B664946-0CED-47C1-8334-2DB96FB7A8C7}.Release|Any CPU.ActiveCfg = Release|Any CPU
		{6B664946-0CED-47C1-8334-2DB96FB7A8C7}.Release|Any CPU.Build.0 = Release|Any CPU
		{D185F9A7-589C-4C71-95C5-FC251E26A5A4}.Debug|Any CPU.ActiveCfg = Debug|Any CPU
		{D185F9A7-589C-4C71-95C5-FC251E26A5A4}.Debug|Any CPU.Build.0 = Debug|Any CPU
		{D185F9A7-589C-4C71-95C5-FC251E26A5A4}.Release|Any CPU.ActiveCfg = Release|Any CPU
		{D185F9A7-589C-4C71-95C5-FC251E26A5A4}.Release|Any CPU.Build.0 = Release|Any CPU
	EndGlobalSection
	GlobalSection(SolutionProperties) = preSolution
		HideSolutionNode = FALSE
	EndGlobalSection
	GlobalSection(ExtensibilityGlobals) = postSolution
		SolutionGuid = {D9FD23E8-808D-4FC2-948E-FC97415E731B}
	EndGlobalSection
EndGlobal
